// !$*UTF8*$!
{
	archiveVersion = 1;
	classes = {
	};
	objectVersion = 46;
	objects = {

/* Begin PBXBuildFile section */
		010C32F01A60878A00DD1154 /* HeaderView.xib in Resources */ = {isa = PBXBuildFile; fileRef = 010C32EF1A60878A00DD1154 /* HeaderView.xib */; };
		01F1D30F1A4E5F28000FC2A3 /* main.m in Sources */ = {isa = PBXBuildFile; fileRef = 01F1D30E1A4E5F28000FC2A3 /* main.m */; };
		01F1D3121A4E5F28000FC2A3 /* AppDelegate.m in Sources */ = {isa = PBXBuildFile; fileRef = 01F1D3111A4E5F28000FC2A3 /* AppDelegate.m */; };
		01F1D31A1A4E5F28000FC2A3 /* Images.xcassets in Resources */ = {isa = PBXBuildFile; fileRef = 01F1D3191A4E5F28000FC2A3 /* Images.xcassets */; };
		01F1D31D1A4E5F28000FC2A3 /* LaunchScreen.xib in Resources */ = {isa = PBXBuildFile; fileRef = 01F1D31B1A4E5F28000FC2A3 /* LaunchScreen.xib */; };
		01F1D3291A4E5F28000FC2A3 /* HomepwnerTests.m in Sources */ = {isa = PBXBuildFile; fileRef = 01F1D3281A4E5F28000FC2A3 /* HomepwnerTests.m */; };
		01F1D3341A4E6143000FC2A3 /* ItemsViewController.m in Sources */ = {isa = PBXBuildFile; fileRef = 01F1D3331A4E6143000FC2A3 /* ItemsViewController.m */; };
		01F1D3371A4E63A4000FC2A3 /* BNRItem.m in Sources */ = {isa = PBXBuildFile; fileRef = 01F1D3361A4E63A4000FC2A3 /* BNRItem.m */; };
		01F1D33A1A4E6409000FC2A3 /* ItemStore.m in Sources */ = {isa = PBXBuildFile; fileRef = 01F1D3391A4E6409000FC2A3 /* ItemStore.m */; };
/* End PBXBuildFile section */

/* Begin PBXContainerItemProxy section */
		01F1D3231A4E5F28000FC2A3 /* PBXContainerItemProxy */ = {
			isa = PBXContainerItemProxy;
			containerPortal = 01F1D3011A4E5F28000FC2A3 /* Project object */;
			proxyType = 1;
			remoteGlobalIDString = 01F1D3081A4E5F28000FC2A3;
			remoteInfo = Homepwner;
		};
/* End PBXContainerItemProxy section */

/* Begin PBXFileReference section */
		010C32EF1A60878A00DD1154 /* HeaderView.xib */ = {isa = PBXFileReference; fileEncoding = 4; lastKnownFileType = file.xib; path = HeaderView.xib; sourceTree = "<group>"; };
		01F1D3091A4E5F28000FC2A3 /* Homepwner.app */ = {isa = PBXFileReference; explicitFileType = wrapper.application; includeInIndex = 0; path = Homepwner.app; sourceTree = BUILT_PRODUCTS_DIR; };
		01F1D30D1A4E5F28000FC2A3 /* Info.plist */ = {isa = PBXFileReference; lastKnownFileType = text.plist.xml; path = Info.plist; sourceTree = "<group>"; };
		01F1D30E1A4E5F28000FC2A3 /* main.m */ = {isa = PBXFileReference; lastKnownFileType = sourcecode.c.objc; path = main.m; sourceTree = "<group>"; };
		01F1D3101A4E5F28000FC2A3 /* AppDelegate.h */ = {isa = PBXFileReference; lastKnownFileType = sourcecode.c.h; path = AppDelegate.h; sourceTree = "<group>"; };
		01F1D3111A4E5F28000FC2A3 /* AppDelegate.m */ = {isa = PBXFileReference; lastKnownFileType = sourcecode.c.objc; path = AppDelegate.m; sourceTree = "<group>"; };
		01F1D3191A4E5F28000FC2A3 /* Images.xcassets */ = {isa = PBXFileReference; lastKnownFileType = folder.assetcatalog; path = Images.xcassets; sourceTree = "<group>"; };
		01F1D31C1A4E5F28000FC2A3 /* Base */ = {isa = PBXFileReference; lastKnownFileType = file.xib; name = Base; path = Base.lproj/LaunchScreen.xib; sourceTree = "<group>"; };
		01F1D3221A4E5F28000FC2A3 /* HomepwnerTests.xctest */ = {isa = PBXFileReference; explicitFileType = wrapper.cfbundle; includeInIndex = 0; path = HomepwnerTests.xctest; sourceTree = BUILT_PRODUCTS_DIR; };
		01F1D3271A4E5F28000FC2A3 /* Info.plist */ = {isa = PBXFileReference; lastKnownFileType = text.plist.xml; path = Info.plist; sourceTree = "<group>"; };
		01F1D3281A4E5F28000FC2A3 /* HomepwnerTests.m */ = {isa = PBXFileReference; lastKnownFileType = sourcecode.c.objc; path = HomepwnerTests.m; sourceTree = "<group>"; };
		01F1D3321A4E6143000FC2A3 /* ItemsViewController.h */ = {isa = PBXFileReference; fileEncoding = 4; lastKnownFileType = sourcecode.c.h; path = ItemsViewController.h; sourceTree = "<group>"; };
		01F1D3331A4E6143000FC2A3 /* ItemsViewController.m */ = {isa = PBXFileReference; fileEncoding = 4; lastKnownFileType = sourcecode.c.objc; path = ItemsViewController.m; sourceTree = "<group>"; };
		01F1D3351A4E63A4000FC2A3 /* BNRItem.h */ = {isa = PBXFileReference; fileEncoding = 4; lastKnownFileType = sourcecode.c.h; path = BNRItem.h; sourceTree = "<group>"; };
		01F1D3361A4E63A4000FC2A3 /* BNRItem.m */ = {isa = PBXFileReference; fileEncoding = 4; lastKnownFileType = sourcecode.c.objc; path = BNRItem.m; sourceTree = "<group>"; };
		01F1D3381A4E6409000FC2A3 /* ItemStore.h */ = {isa = PBXFileReference; fileEncoding = 4; lastKnownFileType = sourcecode.c.h; path = ItemStore.h; sourceTree = "<group>"; };
		01F1D3391A4E6409000FC2A3 /* ItemStore.m */ = {isa = PBXFileReference; fileEncoding = 4; lastKnownFileType = sourcecode.c.objc; path = ItemStore.m; sourceTree = "<group>"; };
/* End PBXFileReference section */

/* Begin PBXFrameworksBuildPhase section */
		01F1D3061A4E5F28000FC2A3 /* Frameworks */ = {
			isa = PBXFrameworksBuildPhase;
			buildActionMask = 2147483647;
			files = (
			);
			runOnlyForDeploymentPostprocessing = 0;
		};
		01F1D31F1A4E5F28000FC2A3 /* Frameworks */ = {
			isa = PBXFrameworksBuildPhase;
			buildActionMask = 2147483647;
			files = (
			);
			runOnlyForDeploymentPostprocessing = 0;
		};
/* End PBXFrameworksBuildPhase section */

/* Begin PBXGroup section */
		01F1D3001A4E5F28000FC2A3 = {
			isa = PBXGroup;
			children = (
				01F1D30B1A4E5F28000FC2A3 /* Homepwner */,
				01F1D3251A4E5F28000FC2A3 /* HomepwnerTests */,
				01F1D30A1A4E5F28000FC2A3 /* Products */,
			);
			sourceTree = "<group>";
		};
		01F1D30A1A4E5F28000FC2A3 /* Products */ = {
			isa = PBXGroup;
			children = (
				01F1D3091A4E5F28000FC2A3 /* Homepwner.app */,
				01F1D3221A4E5F28000FC2A3 /* HomepwnerTests.xctest */,
			);
			name = Products;
			sourceTree = "<group>";
		};
		01F1D30B1A4E5F28000FC2A3 /* Homepwner */ = {
			isa = PBXGroup;
			children = (
				01F1D3101A4E5F28000FC2A3 /* AppDelegate.h */,
				01F1D3111A4E5F28000FC2A3 /* AppDelegate.m */,
				01F1D3351A4E63A4000FC2A3 /* BNRItem.h */,
				01F1D3361A4E63A4000FC2A3 /* BNRItem.m */,
				01F1D3381A4E6409000FC2A3 /* ItemStore.h */,
				01F1D3391A4E6409000FC2A3 /* ItemStore.m */,
				01F1D3321A4E6143000FC2A3 /* ItemsViewController.h */,
				01F1D3331A4E6143000FC2A3 /* ItemsViewController.m */,
				010C32EF1A60878A00DD1154 /* HeaderView.xib */,
				01F1D3191A4E5F28000FC2A3 /* Images.xcassets */,
				01F1D31B1A4E5F28000FC2A3 /* LaunchScreen.xib */,
				01F1D30C1A4E5F28000FC2A3 /* Supporting Files */,
			);
			path = Homepwner;
			sourceTree = "<group>";
		};
		01F1D30C1A4E5F28000FC2A3 /* Supporting Files */ = {
			isa = PBXGroup;
			children = (
				01F1D30D1A4E5F28000FC2A3 /* Info.plist */,
				01F1D30E1A4E5F28000FC2A3 /* main.m */,
			);
			name = "Supporting Files";
			sourceTree = "<group>";
		};
		01F1D3251A4E5F28000FC2A3 /* HomepwnerTests */ = {
			isa = PBXGroup;
			children = (
				01F1D3281A4E5F28000FC2A3 /* HomepwnerTests.m */,
				01F1D3261A4E5F28000FC2A3 /* Supporting Files */,
			);
			path = HomepwnerTests;
			sourceTree = "<group>";
		};
		01F1D3261A4E5F28000FC2A3 /* Supporting Files */ = {
			isa = PBXGroup;
			children = (
				01F1D3271A4E5F28000FC2A3 /* Info.plist */,
			);
			name = "Supporting Files";
			sourceTree = "<group>";
		};
/* End PBXGroup section */

/* Begin PBXNativeTarget section */
		01F1D3081A4E5F28000FC2A3 /* Homepwner */ = {
			isa = PBXNativeTarget;
			buildConfigurationList = 01F1D32C1A4E5F28000FC2A3 /* Build configuration list for PBXNativeTarget "Homepwner" */;
			buildPhases = (
				01F1D3051A4E5F28000FC2A3 /* Sources */,
				01F1D3061A4E5F28000FC2A3 /* Frameworks */,
				01F1D3071A4E5F28000FC2A3 /* Resources */,
			);
			buildRules = (
			);
			dependencies = (
			);
			name = Homepwner;
			productName = Homepwner;
			productReference = 01F1D3091A4E5F28000FC2A3 /* Homepwner.app */;
			productType = "com.apple.product-type.application";
		};
		01F1D3211A4E5F28000FC2A3 /* HomepwnerTests */ = {
			isa = PBXNativeTarget;
			buildConfigurationList = 01F1D32F1A4E5F28000FC2A3 /* Build configuration list for PBXNativeTarget "HomepwnerTests" */;
			buildPhases = (
				01F1D31E1A4E5F28000FC2A3 /* Sources */,
				01F1D31F1A4E5F28000FC2A3 /* Frameworks */,
				01F1D3201A4E5F28000FC2A3 /* Resources */,
			);
			buildRules = (
			);
			dependencies = (
				01F1D3241A4E5F28000FC2A3 /* PBXTargetDependency */,
			);
			name = HomepwnerTests;
			productName = HomepwnerTests;
			productReference = 01F1D3221A4E5F28000FC2A3 /* HomepwnerTests.xctest */;
			productType = "com.apple.product-type.bundle.unit-test";
		};
/* End PBXNativeTarget section */

/* Begin PBXProject section */
		01F1D3011A4E5F28000FC2A3 /* Project object */ = {
			isa = PBXProject;
			attributes = {
				LastUpgradeCheck = 0610;
				ORGANIZATIONNAME = metafour.org;
				TargetAttributes = {
					01F1D3081A4E5F28000FC2A3 = {
						CreatedOnToolsVersion = 6.1.1;
					};
					01F1D3211A4E5F28000FC2A3 = {
						CreatedOnToolsVersion = 6.1.1;
						TestTargetID = 01F1D3081A4E5F28000FC2A3;
					};
				};
			};
			buildConfigurationList = 01F1D3041A4E5F28000FC2A3 /* Build configuration list for PBXProject "Homepwner" */;
			compatibilityVersion = "Xcode 3.2";
			developmentRegion = English;
			hasScannedForEncodings = 0;
			knownRegions = (
				en,
				Base,
			);
			mainGroup = 01F1D3001A4E5F28000FC2A3;
			productRefGroup = 01F1D30A1A4E5F28000FC2A3 /* Products */;
			projectDirPath = "";
			projectRoot = "";
			targets = (
				01F1D3081A4E5F28000FC2A3 /* Homepwner */,
				01F1D3211A4E5F28000FC2A3 /* HomepwnerTests */,
			);
		};
/* End PBXProject section */

/* Begin PBXResourcesBuildPhase section */
		01F1D3071A4E5F28000FC2A3 /* Resources */ = {
			isa = PBXResourcesBuildPhase;
			buildActionMask = 2147483647;
			files = (
				010C32F01A60878A00DD1154 /* HeaderView.xib in Resources */,
				01F1D31D1A4E5F28000FC2A3 /* LaunchScreen.xib in Resources */,
				01F1D31A1A4E5F28000FC2A3 /* Images.xcassets in Resources */,
			);
			runOnlyForDeploymentPostprocessing = 0;
		};
		01F1D3201A4E5F28000FC2A3 /* Resources */ = {
			isa = PBXResourcesBuildPhase;
			buildActionMask = 2147483647;
			files = (
			);
			runOnlyForDeploymentPostprocessing = 0;
		};
/* End PBXResourcesBuildPhase section */

/* Begin PBXSourcesBuildPhase section */
		01F1D3051A4E5F28000FC2A3 /* Sources */ = {
			isa = PBXSourcesBuildPhase;
			buildActionMask = 2147483647;
			files = (
				01F1D3341A4E6143000FC2A3 /* ItemsViewController.m in Sources */,
				01F1D3371A4E63A4000FC2A3 /* BNRItem.m in Sources */,
				01F1D3121A4E5F28000FC2A3 /* AppDelegate.m in Sources */,
				01F1D30F1A4E5F28000FC2A3 /* main.m in Sources */,
				01F1D33A1A4E6409000FC2A3 /* ItemStore.m in Sources */,
			);
			runOnlyForDeploymentPostprocessing = 0;
		};
		01F1D31E1A4E5F28000FC2A3 /* Sources */ = {
			isa = PBXSourcesBuildPhase;
			buildActionMask = 2147483647;
			files = (
				01F1D3291A4E5F28000FC2A3 /* HomepwnerTests.m in Sources */,
			);
			runOnlyForDeploymentPostprocessing = 0;
		};
/* End PBXSourcesBuildPhase section */

/* Begin PBXTargetDependency section */
		01F1D3241A4E5F28000FC2A3 /* PBXTargetDependency */ = {
			isa = PBXTargetDependency;
			target = 01F1D3081A4E5F28000FC2A3 /* Homepwner */;
			targetProxy = 01F1D3231A4E5F28000FC2A3 /* PBXContainerItemProxy */;
		};
/* End PBXTargetDependency section */

/* Begin PBXVariantGroup section */
		01F1D31B1A4E5F28000FC2A3 /* LaunchScreen.xib */ = {
			isa = PBXVariantGroup;
			children = (
				01F1D31C1A4E5F28000FC2A3 /* Base */,
			);
			name = LaunchScreen.xib;
			sourceTree = "<group>";
		};
/* End PBXVariantGroup section */

/* Begin XCBuildConfiguration section */
		01F1D32A1A4E5F28000FC2A3 /* Debug */ = {
			isa = XCBuildConfiguration;
			buildSettings = {
				ALWAYS_SEARCH_USER_PATHS = NO;
				CLANG_CXX_LANGUAGE_STANDARD = "gnu++0x";
				CLANG_CXX_LIBRARY = "libc++";
				CLANG_ENABLE_MODULES = YES;
				CLANG_ENABLE_OBJC_ARC = YES;
				CLANG_WARN_BOOL_CONVERSION = YES;
				CLANG_WARN_CONSTANT_CONVERSION = YES;
				CLANG_WARN_DIRECT_OBJC_ISA_USAGE = YES_ERROR;
				CLANG_WARN_EMPTY_BODY = YES;
				CLANG_WARN_ENUM_CONVERSION = YES;
				CLANG_WARN_INT_CONVERSION = YES;
				CLANG_WARN_OBJC_ROOT_CLASS = YES_ERROR;
				CLANG_WARN_UNREACHABLE_CODE = YES;
				CLANG_WARN__DUPLICATE_METHOD_MATCH = YES;
				"CODE_SIGN_IDENTITY[sdk=iphoneos*]" = "iPhone Developer";
				COPY_PHASE_STRIP = NO;
				ENABLE_STRICT_OBJC_MSGSEND = YES;
				GCC_C_LANGUAGE_STANDARD = gnu99;
				GCC_DYNAMIC_NO_PIC = NO;
				GCC_OPTIMIZATION_LEVEL = 0;
				GCC_PREPROCESSOR_DEFINITIONS = (
					"DEBUG=1",
					"$(inherited)",
				);
				GCC_SYMBOLS_PRIVATE_EXTERN = NO;
				GCC_WARN_64_TO_32_BIT_CONVERSION = YES;
				GCC_WARN_ABOUT_RETURN_TYPE = YES_ERROR;
				GCC_WARN_UNDECLARED_SELECTOR = YES;
				GCC_WARN_UNINITIALIZED_AUTOS = YES_AGGRESSIVE;
				GCC_WARN_UNUSED_FUNCTION = YES;
				GCC_WARN_UNUSED_VARIABLE = YES;
				IPHONEOS_DEPLOYMENT_TARGET = 8.1;
				MTL_ENABLE_DEBUG_INFO = YES;
				ONLY_ACTIVE_ARCH = YES;
				SDKROOT = iphoneos;
			};
			name = Debug;
		};
		01F1D32B1A4E5F28000FC2A3 /* Release */ = {
			isa = XCBuildConfiguration;
			buildSettings = {
				ALWAYS_SEARCH_USER_PATHS = NO;
				CLANG_CXX_LANGUAGE_STANDARD = "gnu++0x";
				CLANG_CXX_LIBRARY = "libc++";
				CLANG_ENABLE_MODULES = YES;
				CLANG_ENABLE_OBJC_ARC = YES;
				CLANG_WARN_BOOL_CONVERSION = YES;
				CLANG_WARN_CONSTANT_CONVERSION = YES;
				CLANG_WARN_DIRECT_OBJC_ISA_USAGE = YES_ERROR;
				CLANG_WARN_EMPTY_BODY = YES;
				CLANG_WARN_ENUM_CONVERSION = YES;
				CLANG_WARN_INT_CONVERSION = YES;
				CLANG_WARN_OBJC_ROOT_CLASS = YES_ERROR;
				CLANG_WARN_UNREACHABLE_CODE = YES;
				CLANG_WARN__DUPLICATE_METHOD_MATCH = YES;
				"CODE_SIGN_IDENTITY[sdk=iphoneos*]" = "iPhone Developer";
				COPY_PHASE_STRIP = YES;
				ENABLE_NS_ASSERTIONS = NO;
				ENABLE_STRICT_OBJC_MSGSEND = YES;
				GCC_C_LANGUAGE_STANDARD = gnu99;
				GCC_WARN_64_TO_32_BIT_CONVERSION = YES;
				GCC_WARN_ABOUT_RETURN_TYPE = YES_ERROR;
				GCC_WARN_UNDECLARED_SELECTOR = YES;
				GCC_WARN_UNINITIALIZED_AUTOS = YES_AGGRESSIVE;
				GCC_WARN_UNUSED_FUNCTION = YES;
				GCC_WARN_UNUSED_VARIABLE = YES;
				IPHONEOS_DEPLOYMENT_TARGET = 8.1;
				MTL_ENABLE_DEBUG_INFO = NO;
				SDKROOT = iphoneos;
				VALIDATE_PRODUCT = YES;
			};
			name = Release;
		};
		01F1D32D1A4E5F28000FC2A3 /* Debug */ = {
			isa = XCBuildConfiguration;
			buildSettings = {
				ASSETCATALOG_COMPILER_APPICON_NAME = AppIcon;
				INFOPLIST_FILE = Homepwner/Info.plist;
				LD_RUNPATH_SEARCH_PATHS = "$(inherited) @executable_path/Frameworks";
				PRODUCT_NAME = "$(TARGET_NAME)";
			};
			name = Debug;
		};
		01F1D32E1A4E5F28000FC2A3 /* Release */ = {
			isa = XCBuildConfiguration;
			buildSettings = {
				ASSETCATALOG_COMPILER_APPICON_NAME = AppIcon;
				INFOPLIST_FILE = Homepwner/Info.plist;
				LD_RUNPATH_SEARCH_PATHS = "$(inherited) @executable_path/Frameworks";
				PRODUCT_NAME = "$(TARGET_NAME)";
			};
			name = Release;
		};
		01F1D3301A4E5F28000FC2A3 /* Debug */ = {
			isa = XCBuildConfiguration;
			buildSettings = {
				BUNDLE_LOADER = "$(TEST_HOST)";
				FRAMEWORK_SEARCH_PATHS = (
					"$(SDKROOT)/Developer/Library/Frameworks",
					"$(inherited)",
				);
				GCC_PREPROCESSOR_DEFINITIONS = (
					"DEBUG=1",
					"$(inherited)",
				);
				INFOPLIST_FILE = HomepwnerTests/Info.plist;
				LD_RUNPATH_SEARCH_PATHS = "$(inherited) @executable_path/Frameworks @loader_path/Frameworks";
				PRODUCT_NAME = "$(TARGET_NAME)";
				TEST_HOST = "$(BUILT_PRODUCTS_DIR)/Homepwner.app/Homepwner";
			};
			name = Debug;
		};
		01F1D3311A4E5F28000FC2A3 /* Release */ = {
			isa = XCBuildConfiguration;
			buildSettings = {
				BUNDLE_LOADER = "$(TEST_HOST)";
				FRAMEWORK_SEARCH_PATHS = (
					"$(SDKROOT)/Developer/Library/Frameworks",
					"$(inherited)",
				);
				INFOPLIST_FILE = HomepwnerTests/Info.plist;
				LD_RUNPATH_SEARCH_PATHS = "$(inherited) @executable_path/Frameworks @loader_path/Frameworks";
				PRODUCT_NAME = "$(TARGET_NAME)";
				TEST_HOST = "$(BUILT_PRODUCTS_DIR)/Homepwner.app/Homepwner";
			};
			name = Release;
		};
/* End XCBuildConfiguration section */

/* Begin XCConfigurationList section */
		01F1D3041A4E5F28000FC2A3 /* Build configuration list for PBXProject "Homepwner" */ = {
			isa = XCConfigurationList;
			buildConfigurations = (
				01F1D32A1A4E5F28000FC2A3 /* Debug */,
				01F1D32B1A4E5F28000FC2A3 /* Release */,
			);
			defaultConfigurationIsVisible = 0;
			defaultConfigurationName = Release;
		};
		01F1D32C1A4E5F28000FC2A3 /* Build configuration list for PBXNativeTarget "Homepwner" */ = {
			isa = XCConfigurationList;
			buildConfigurations = (
				01F1D32D1A4E5F28000FC2A3 /* Debug */,
				01F1D32E1A4E5F28000FC2A3 /* Release */,
			);
			defaultConfigurationIsVisible = 0;
			defaultConfigurationName = Release;
		};
		01F1D32F1A4E5F28000FC2A3 /* Build configuration list for PBXNativeTarget "HomepwnerTests" */ = {
			isa = XCConfigurationList;
			buildConfigurations = (
				01F1D3301A4E5F28000FC2A3 /* Debug */,
				01F1D3311A4E5F28000FC2A3 /* Release */,
			);
			defaultConfigurationIsVisible = 0;
			defaultConfigurationName = Release;
		};
/* End XCConfigurationList section */
	};
	rootObject = 01F1D3011A4E5F28000FC2A3 /* Project object */;
}
